
Microsoft Visual Studio Solution File, Format Version 12.00
# Visual Studio 15
VisualStudioVersion = 15.0.26124.0
MinimumVisualStudioVersion = 15.0.26124.0
Project("{FAE04EC0-301F-11D3-BF4B-00C04F79EFBC}") = "API", "API\API.csproj", "{B6E5A23B-8B9D-4826-90D4-F10C724DF2D7}"
EndProject
Project("{FAE04EC0-301F-11D3-BF4B-00C04F79EFBC}") = "Persistence", "Persistence\Persistence.csproj", "{D4807CB2-5CE9-4ECC-A827-9B4B700334CE}"
EndProject
Project("{FAE04EC0-301F-11D3-BF4B-00C04F79EFBC}") = "Application", "Application\Application.csproj", "{5507F40B-87A1-424B-87D8-177C4A22E88C}"
EndProject
Project("{FAE04EC0-301F-11D3-BF4B-00C04F79EFBC}") = "Domain", "Domain\Domain.csproj", "{FEACD486-F25F-4F71-8431-A73AEAC1114F}"
EndProject
Global
	GlobalSection(SolutionConfigurationPlatforms) = preSolution
		Debug|Any CPU = Debug|Any CPU
		Debug|x64 = Debug|x64
		Debug|x86 = Debug|x86
		Release|Any CPU = Release|Any CPU
		Release|x64 = Release|x64
		Release|x86 = Release|x86
	EndGlobalSection
	GlobalSection(SolutionProperties) = preSolution
		HideSolutionNode = FALSE
	EndGlobalSection
	GlobalSection(ProjectConfigurationPlatforms) = postSolution
		{B6E5A23B-8B9D-4826-90D4-F10C724DF2D7}.Debug|Any CPU.ActiveCfg = Debug|Any CPU
		{B6E5A23B-8B9D-4826-90D4-F10C724DF2D7}.Debug|Any CPU.Build.0 = Debug|Any CPU
		{B6E5A23B-8B9D-4826-90D4-F10C724DF2D7}.Debug|x64.ActiveCfg = Debug|Any CPU
		{B6E5A23B-8B9D-4826-90D4-F10C724DF2D7}.Debug|x64.Build.0 = Debug|Any CPU
		{B6E5A23B-8B9D-4826-90D4-F10C724DF2D7}.Debug|x86.ActiveCfg = Debug|Any CPU
		{B6E5A23B-8B9D-4826-90D4-F10C724DF2D7}.Debug|x86.Build.0 = Debug|Any CPU
		{B6E5A23B-8B9D-4826-90D4-F10C724DF2D7}.Release|Any CPU.ActiveCfg = Release|Any CPU
		{B6E5A23B-8B9D-4826-90D4-F10C724DF2D7}.Release|Any CPU.Build.0 = Release|Any CPU
		{B6E5A23B-8B9D-4826-90D4-F10C724DF2D7}.Release|x64.ActiveCfg = Release|Any CPU
		{B6E5A23B-8B9D-4826-90D4-F10C724DF2D7}.Release|x64.Build.0 = Release|Any CPU
		{B6E5A23B-8B9D-4826-90D4-F10C724DF2D7}.Release|x86.ActiveCfg = Release|Any CPU
		{B6E5A23B-8B9D-4826-90D4-F10C724DF2D7}.Release|x86.Build.0 = Release|Any CPU
		{D4807CB2-5CE9-4ECC-A827-9B4B700334CE}.Debug|Any CPU.ActiveCfg = Debug|Any CPU
		{D4807CB2-5CE9-4ECC-A827-9B4B700334CE}.Debug|Any CPU.Build.0 = Debug|Any CPU
		{D4807CB2-5CE9-4ECC-A827-9B4B700334CE}.Debug|x64.ActiveCfg = Debug|Any CPU
		{D4807CB2-5CE9-4ECC-A827-9B4B700334CE}.Debug|x64.Build.0 = Debug|Any CPU
		{D4807CB2-5CE9-4ECC-A827-9B4B700334CE}.Debug|x86.ActiveCfg = Debug|Any CPU
		{D4807CB2-5CE9-4ECC-A827-9B4B700334CE}.Debug|x86.Build.0 = Debug|Any CPU
		{D4807CB2-5CE9-4ECC-A827-9B4B700334CE}.Release|Any CPU.ActiveCfg = Release|Any CPU
		{D4807CB2-5CE9-4ECC-A827-9B4B700334CE}.Release|Any CPU.Build.0 = Release|Any CPU
		{D4807CB2-5CE9-4ECC-A827-9B4B700334CE}.Release|x64.ActiveCfg = Release|Any CPU
		{D4807CB2-5CE9-4ECC-A827-9B4B700334CE}.Release|x64.Build.0 = Release|Any CPU
		{D4807CB2-5CE9-4ECC-A827-9B4B700334CE}.Release|x86.ActiveCfg = Release|Any CPU
		{D4807CB2-5CE9-4ECC-A827-9B4B700334CE}.Release|x86.Build.0 = Release|Any CPU
		{5507F40B-87A1-424B-87D8-177C4A22E88C}.Debug|Any CPU.ActiveCfg = Debug|Any CPU
		{5507F40B-87A1-424B-87D8-177C4A22E88C}.Debug|Any CPU.Build.0 = Debug|Any CPU
		{5507F40B-87A1-424B-87D8-177C4A22E88C}.Debug|x64.ActiveCfg = Debug|Any CPU
		{5507F40B-87A1-424B-87D8-177C4A22E88C}.Debug|x64.Build.0 = Debug|Any CPU
		{5507F40B-87A1-424B-87D8-177C4A22E88C}.Debug|x86.ActiveCfg = Debug|Any CPU
		{5507F40B-87A1-424B-87D8-177C4A22E88C}.Debug|x86.Build.0 = Debug|Any CPU
		{5507F40B-87A1-424B-87D8-177C4A22E88C}.Release|Any CPU.ActiveCfg = Release|Any CPU
		{5507F40B-87A1-424B-87D8-177C4A22E88C}.Release|Any CPU.Build.0 = Release|Any CPU
		{5507F40B-87A1-424B-87D8-177C4A22E88C}.Release|x64.ActiveCfg = Release|Any CPU
		{5507F40B-87A1-424B-87D8-177C4A22E88C}.Release|x64.Build.0 = Release|Any CPU
		{5507F40B-87A1-424B-87D8-177C4A22E88C}.Release|x86.ActiveCfg = Release|Any CPU
		{5507F40B-87A1-424B-87D8-177C4A22E88C}.Release|x86.Build.0 = Release|Any CPU
		{FEACD486-F25F-4F71-8431-A73AEAC1114F}.Debug|Any CPU.ActiveCfg = Debug|Any CPU
		{FEACD486-F25F-4F71-8431-A73AEAC1114F}.Debug|Any CPU.Build.0 = Debug|Any CPU
		{FEACD486-F25F-4F71-8431-A73AEAC1114F}.Debug|x64.ActiveCfg = Debug|Any CPU
		{FEACD486-F25F-4F71-8431-A73AEAC1114F}.Debug|x64.Build.0 = Debug|Any CPU
		{FEACD486-F25F-4F71-8431-A73AEAC1114F}.Debug|x86.ActiveCfg = Debug|Any CPU
		{FEACD486-F25F-4F71-8431-A73AEAC1114F}.Debug|x86.Build.0 = Debug|Any CPU
		{FEACD486-F25F-4F71-8431-A73AEAC1114F}.Release|Any CPU.ActiveCfg = Release|Any CPU
		{FEACD486-F25F-4F71-8431-A73AEAC1114F}.Release|Any CPU.Build.0 = Release|Any CPU
		{FEACD486-F25F-4F71-8431-A73AEAC1114F}.Release|x64.ActiveCfg = Release|Any CPU
		{FEACD486-F25F-4F71-8431-A73AEAC1114F}.Release|x64.Build.0 = Release|Any CPU
		{FEACD486-F25F-4F71-8431-A73AEAC1114F}.Release|x86.ActiveCfg = Release|Any CPU
		{FEACD486-F25F-4F71-8431-A73AEAC1114F}.Release|x86.Build.0 = Release|Any CPU
	EndGlobalSection
EndGlobal
